
Microsoft Visual Studio Solution File, Format Version 12.00
# Visual Studio Version 17
VisualStudioVersion = 17.8.34330.188
MinimumVisualStudioVersion = 10.0.40219.1
Project("{FAE04EC0-301F-11D3-BF4B-00C04F79EFBC}") = "Foodi", "Foodi\Foodi.csproj", "{8157F720-1D81-42A9-BABD-A1FC2AD107FC}"
EndProject
Global
	GlobalSection(SolutionConfigurationPlatforms) = preSolution
		Debug|Any CPU = Debug|Any CPU
		Release|Any CPU = Release|Any CPU
	EndGlobalSection
	GlobalSection(ProjectConfigurationPlatforms) = postSolution
		{8157F720-1D81-42A9-BABD-A1FC2AD107FC}.Debug|Any CPU.ActiveCfg = Debug|Any CPU
		{8157F720-1D81-42A9-BABD-A1FC2AD107FC}.Debug|Any CPU.Build.0 = Debug|Any CPU
		{8157F720-1D81-42A9-BABD-A1FC2AD107FC}.Release|Any CPU.ActiveCfg = Release|Any CPU
		{8157F720-1D81-42A9-BABD-A1FC2AD107FC}.Release|Any CPU.Build.0 = Release|Any CPU
	EndGlobalSection
	GlobalSection(SolutionProperties) = preSolution
		HideSolutionNode = FALSE
	EndGlobalSection
	GlobalSection(ExtensibilityGlobals) = postSolution
		SolutionGuid = {774F6460-A797-406A-AD20-1AE29096A132}
	EndGlobalSection
EndGlobal
